
Microsoft Visual Studio Solution File, Format Version 12.00
# Visual Studio 14
VisualStudioVersion = 14.0.25420.1
MinimumVisualStudioVersion = 10.0.40219.1
Project("{FAE04EC0-301F-11D3-BF4B-00C04F79EFBC}") = "WPFTest", "WPFTest\WPFTest.csproj", "{CBCAEFB8-7D9F-4C7C-A681-6AB4EC3549A7}"
EndProject
Project("{FAE04EC0-301F-11D3-BF4B-00C04F79EFBC}") = "WPFTest.Services", "WPFTest.Servicios\WPFTest.Services.csproj", "{3DE085F1-A08B-47C6-8057-13E4EDFE0611}"
EndProject
Project("{FAE04EC0-301F-11D3-BF4B-00C04F79EFBC}") = "WPFTest.Data", "WPFTest.Data\WPFTest.Data.csproj", "{E25EE7CD-7874-40BE-A22F-DEE29DF4EB4D}"
EndProject
Project("{FAE04EC0-301F-11D3-BF4B-00C04F79EFBC}") = "WPFTest.Model", "WPFTest.Model\WPFTest.Model.csproj", "{60073E99-C4FB-4168-BC32-7E17E49242C7}"
EndProject
Project("{FAE04EC0-301F-11D3-BF4B-00C04F79EFBC}") = "WPFTest.Infraestructure", "WPFTest.Infraestructure\WPFTest.Infraestructure.csproj", "{0D900BEB-B562-40E7-8A8B-A5D8EF89ED42}"
EndProject
Global
	GlobalSection(SolutionConfigurationPlatforms) = preSolution
		Debug|Any CPU = Debug|Any CPU
		Release|Any CPU = Release|Any CPU
	EndGlobalSection
	GlobalSection(ProjectConfigurationPlatforms) = postSolution
		{CBCAEFB8-7D9F-4C7C-A681-6AB4EC3549A7}.Debug|Any CPU.ActiveCfg = Debug|Any CPU
		{CBCAEFB8-7D9F-4C7C-A681-6AB4EC3549A7}.Debug|Any CPU.Build.0 = Debug|Any CPU
		{CBCAEFB8-7D9F-4C7C-A681-6AB4EC3549A7}.Release|Any CPU.ActiveCfg = Release|Any CPU
		{CBCAEFB8-7D9F-4C7C-A681-6AB4EC3549A7}.Release|Any CPU.Build.0 = Release|Any CPU
		{3DE085F1-A08B-47C6-8057-13E4EDFE0611}.Debug|Any CPU.ActiveCfg = Debug|Any CPU
		{3DE085F1-A08B-47C6-8057-13E4EDFE0611}.Debug|Any CPU.Build.0 = Debug|Any CPU
		{3DE085F1-A08B-47C6-8057-13E4EDFE0611}.Release|Any CPU.ActiveCfg = Release|Any CPU
		{3DE085F1-A08B-47C6-8057-13E4EDFE0611}.Release|Any CPU.Build.0 = Release|Any CPU
		{E25EE7CD-7874-40BE-A22F-DEE29DF4EB4D}.Debug|Any CPU.ActiveCfg = Debug|Any CPU
		{E25EE7CD-7874-40BE-A22F-DEE29DF4EB4D}.Debug|Any CPU.Build.0 = Debug|Any CPU
		{E25EE7CD-7874-40BE-A22F-DEE29DF4EB4D}.Release|Any CPU.ActiveCfg = Release|Any CPU
		{E25EE7CD-7874-40BE-A22F-DEE29DF4EB4D}.Release|Any CPU.Build.0 = Release|Any CPU
		{60073E99-C4FB-4168-BC32-7E17E49242C7}.Debug|Any CPU.ActiveCfg = Debug|Any CPU
		{60073E99-C4FB-4168-BC32-7E17E49242C7}.Debug|Any CPU.Build.0 = Debug|Any CPU
		{60073E99-C4FB-4168-BC32-7E17E49242C7}.Release|Any CPU.ActiveCfg = Release|Any CPU
		{60073E99-C4FB-4168-BC32-7E17E49242C7}.Release|Any CPU.Build.0 = Release|Any CPU
		{0D900BEB-B562-40E7-8A8B-A5D8EF89ED42}.Debug|Any CPU.ActiveCfg = Debug|Any CPU
		{0D900BEB-B562-40E7-8A8B-A5D8EF89ED42}.Debug|Any CPU.Build.0 = Debug|Any CPU
		{0D900BEB-B562-40E7-8A8B-A5D8EF89ED42}.Release|Any CPU.ActiveCfg = Release|Any CPU
		{0D900BEB-B562-40E7-8A8B-A5D8EF89ED42}.Release|Any CPU.Build.0 = Release|Any CPU
	EndGlobalSection
	GlobalSection(SolutionProperties) = preSolution
		HideSolutionNode = FALSE
	EndGlobalSection
EndGlobal
